
Microsoft Visual Studio Solution File, Format Version 12.00
# Visual Studio 15
VisualStudioVersion = 15.0.26730.16
MinimumVisualStudioVersion = 10.0.40219.1
Project("{FAE04EC0-301F-11D3-BF4B-00C04F79EFBC}") = "NailApplication", "NailApplication\NailApplication.csproj", "{669BF4B5-8B02-4816-AFA1-FF676D79866F}"
EndProject
Global
	GlobalSection(SolutionConfigurationPlatforms) = preSolution
		Debug|Any CPU = Debug|Any CPU
		Release|Any CPU = Release|Any CPU
	EndGlobalSection
	GlobalSection(ProjectConfigurationPlatforms) = postSolution
		{669BF4B5-8B02-4816-AFA1-FF676D79866F}.Debug|Any CPU.ActiveCfg = Debug|Any CPU
		{669BF4B5-8B02-4816-AFA1-FF676D79866F}.Debug|Any CPU.Build.0 = Debug|Any CPU
		{669BF4B5-8B02-4816-AFA1-FF676D79866F}.Release|Any CPU.ActiveCfg = Release|Any CPU
		{669BF4B5-8B02-4816-AFA1-FF676D79866F}.Release|Any CPU.Build.0 = Release|Any CPU
	EndGlobalSection
	GlobalSection(SolutionProperties) = preSolution
		HideSolutionNode = FALSE
	EndGlobalSection
	GlobalSection(ExtensibilityGlobals) = postSolution
		SolutionGuid = {5A4CB1C2-C94B-4240-BC85-00E1B4FC5DE5}
	EndGlobalSection
EndGlobal
